{
  "name": "starting_blast_game",
  "lockfileVersion": 3,
  "requires": true,
  "packages": {
    "": {
      "devDependencies": {
        "@types/ysdk": "^1.2.0"
      }
    },
    "node_modules/@types/ysdk": {
      "version": "1.2.0",
      "resolved": "https://registry.npmjs.org/@types/ysdk/-/ysdk-1.2.0.tgz",
      "integrity": "sha512-Yij8fFuzm67TghIb74/mVTWhByHgU95IUsgTHDJgvYPNBuBP0ZmagpopPTaflcY49eGw1YjHu0g0e+bV6RpyIA==",
      "dev": true,
      "license": "MIT"
    }
  }
}
